
Microsoft Visual Studio Solution File, Format Version 12.00
# Visual Studio Version 17
VisualStudioVersion = 17.1.32421.90
MinimumVisualStudioVersion = 10.0.40219.1
Project("{9A19103F-16F7-4668-BE54-9A1E7A4F7556}") = "Practice-WebAPI-01", "Practice-WebAPI-01\Practice-WebAPI-01.csproj", "{EC9CA8A5-3FAC-42F3-822B-18A22C6FE6A1}"
EndProject
Project("{FAE04EC0-301F-11D3-BF4B-00C04F79EFBC}") = "Tests", "Tests\Tests.csproj", "{276415BE-4466-49C8-8F9A-A265AD6F21DA}"
EndProject
Global
	GlobalSection(SolutionConfigurationPlatforms) = preSolution
		Debug|Any CPU = Debug|Any CPU
		Release|Any CPU = Release|Any CPU
	EndGlobalSection
	GlobalSection(ProjectConfigurationPlatforms) = postSolution
		{EC9CA8A5-3FAC-42F3-822B-18A22C6FE6A1}.Debug|Any CPU.ActiveCfg = Debug|Any CPU
		{EC9CA8A5-3FAC-42F3-822B-18A22C6FE6A1}.Debug|Any CPU.Build.0 = Debug|Any CPU
		{EC9CA8A5-3FAC-42F3-822B-18A22C6FE6A1}.Release|Any CPU.ActiveCfg = Release|Any CPU
		{EC9CA8A5-3FAC-42F3-822B-18A22C6FE6A1}.Release|Any CPU.Build.0 = Release|Any CPU
		{276415BE-4466-49C8-8F9A-A265AD6F21DA}.Debug|Any CPU.ActiveCfg = Debug|Any CPU
		{276415BE-4466-49C8-8F9A-A265AD6F21DA}.Debug|Any CPU.Build.0 = Debug|Any CPU
		{276415BE-4466-49C8-8F9A-A265AD6F21DA}.Release|Any CPU.ActiveCfg = Release|Any CPU
		{276415BE-4466-49C8-8F9A-A265AD6F21DA}.Release|Any CPU.Build.0 = Release|Any CPU
	EndGlobalSection
	GlobalSection(SolutionProperties) = preSolution
		HideSolutionNode = FALSE
	EndGlobalSection
	GlobalSection(ExtensibilityGlobals) = postSolution
		SolutionGuid = {499FAEA5-1FC1-46BC-B3FD-A7833AEECEF4}
	EndGlobalSection
EndGlobal
